[[package]]
name = "bumpver"
version = "2022.1116"
description = "Bump version numbers in project files."
category = "dev"
optional = false
python-versions = ">=2.7"

[package.dependencies]
click = {version = "*", markers = "python_version >= \"3.6\""}
colorama = ">=0.4"
lexid = "*"
pathlib2 = "*"
toml = "*"

[[package]]
name = "click"
version = "8.1.3"
description = "Composable command line interface toolkit"
category = "dev"
optional = false
python-versions = ">=3.7"

[package.dependencies]
colorama = {version = "*", markers = "platform_system == \"Windows\""}

[[package]]
name = "colorama"
version = "0.4.4"
description = "Cross-platform colored terminal text."
category = "dev"
optional = false
python-versions = ">=2.7, !=3.0.*, !=3.1.*, !=3.2.*, !=3.3.*, !=3.4.*"

[[package]]
name = "dpkt"
version = "1.9.7.2"
description = "fast, simple packet creation / parsing, with definitions for the basic TCP/IP protocols"
category = "main"
optional = false
python-versions = "*"

[[package]]
name = "lexid"
version = "2021.1006"
description = "Variable width build numbers with lexical ordering."
category = "dev"
optional = false
python-versions = ">=2.7"

[[package]]
name = "macaddress"
version = "1.2.0"
description = "Like ``ipaddress``, but for hardware identifiers such as MAC addresses."
category = "main"
optional = false
python-versions = "*"

[[package]]
name = "pathlib2"
version = "2.3.7.post1"
description = "Object-oriented filesystem paths"
category = "dev"
optional = false
python-versions = "*"

[package.dependencies]
six = "*"

[[package]]
name = "python-iptables"
version = "1.0.0"
description = "Python bindings for iptables"
category = "main"
optional = false
python-versions = "*"

[[package]]
name = "python-pytun"
version = "2.4.1"
description = "Linux TUN/TAP wrapper for Python"
category = "main"
optional = false
python-versions = "*"

[[package]]
name = "six"
version = "1.16.0"
description = "Python 2 and 3 compatibility utilities"
category = "dev"
optional = false
python-versions = ">=2.7, !=3.0.*, !=3.1.*, !=3.2.*"

[[package]]
name = "toml"
version = "0.10.2"
description = "Python Library for Tom's Obvious, Minimal Language"
category = "dev"
optional = false
python-versions = ">=2.6, !=3.0.*, !=3.1.*, !=3.2.*"

[[package]]
name = "uvloop"
version = "0.16.0"
description = "Fast implementation of asyncio event loop on top of libuv"
category = "main"
optional = false
python-versions = ">=3.7"

[package.extras]
dev = ["Cython (>=0.29.24,<0.30.0)", "pytest (>=3.6.0)", "Sphinx (>=4.1.2,<4.2.0)", "sphinxcontrib-asyncio (>=0.3.0,<0.4.0)", "sphinx-rtd-theme (>=0.5.2,<0.6.0)", "aiohttp", "flake8 (>=3.9.2,<3.10.0)", "psutil", "pycodestyle (>=2.7.0,<2.8.0)", "pyOpenSSL (>=19.0.0,<19.1.0)", "mypy (>=0.800)"]
docs = ["Sphinx (>=4.1.2,<4.2.0)", "sphinxcontrib-asyncio (>=0.3.0,<0.4.0)", "sphinx-rtd-theme (>=0.5.2,<0.6.0)"]
test = ["aiohttp", "flake8 (>=3.9.2,<3.10.0)", "psutil", "pycodestyle (>=2.7.0,<2.8.0)", "pyOpenSSL (>=19.0.0,<19.1.0)", "mypy (>=0.800)"]

[[package]]
name = "websockets"
version = "10.3"
description = "An implementation of the WebSocket Protocol (RFC 6455 & 7692)"
category = "main"
optional = false
python-versions = ">=3.7"

[[package]]
name = "yapf"
version = "0.32.0"
description = "A formatter for Python code."
category = "dev"
optional = false
python-versions = "*"

[metadata]
lock-version = "1.1"
python-versions = "^3.10"
content-hash = "a78c8012c40c46ac586a2c16645c3935fa6c260333fdce41362ea405e5f61c4f"

[metadata.files]
bumpver = [
    {file = "bumpver-2022.1116-py2.py3-none-any.whl", hash = "sha256:4c87e85faf9bc04a696f4ba85b76bcec9045f6e86c4ba5a8a1bbf2364d32daea"},
    {file = "bumpver-2022.1116.tar.gz", hash = "sha256:8851504c7b6b8406f7e91c650b4453fe516f01aafb0532dd55f9c8e3a5ba2df9"},
]
click = [
    {file = "click-8.1.3-py3-none-any.whl", hash = "sha256:bb4d8133cb15a609f44e8213d9b391b0809795062913b383c62be0ee95b1db48"},
    {file = "click-8.1.3.tar.gz", hash = "sha256:7682dc8afb30297001674575ea00d1814d808d6a36af415a82bd481d37ba7b8e"},
]
colorama = [
    {file = "colorama-0.4.4-py2.py3-none-any.whl", hash = "sha256:9f47eda37229f68eee03b24b9748937c7dc3868f906e8ba69fbcbdd3bc5dc3e2"},
    {file = "colorama-0.4.4.tar.gz", hash = "sha256:5941b2b48a20143d2267e95b1c2a7603ce057ee39fd88e7329b0c292aa16869b"},
]
dpkt = [
    {file = "dpkt-1.9.7.2-py3-none-any.whl", hash = "sha256:d7e9ae552d0c44f339b7ca4db728c7202c32cc718cef12dbb8703539b840bb78"},
    {file = "dpkt-1.9.7.2.tar.gz", hash = "sha256:80f977667ebbad2b5c4f7b7f45ee8bea6622fb71723f68a9a8fe6274520c853b"},
]
lexid = [
    {file = "lexid-2021.1006-py2.py3-none-any.whl", hash = "sha256:5526bb5606fd74c7add23320da5f02805bddd7c77916f2dc1943e6bada8605ed"},
    {file = "lexid-2021.1006.tar.gz", hash = "sha256:509a3a4cc926d3dbf22b203b18a4c66c25e6473fb7c0e0d30374533ac28bafe5"},
]
macaddress = [
    {file = "macaddress-1.2.0-py3-none-any.whl", hash = "sha256:09efb3fdd161643c1b53037647127ddf42071022f57d78cc8d4cca02633407e1"},
    {file = "macaddress-1.2.0.tar.gz", hash = "sha256:e93d7fba733626f98c7567440ccd2e6768b5fb3fb474d45f55643670ac88b765"},
]
pathlib2 = [
    {file = "pathlib2-2.3.7.post1-py2.py3-none-any.whl", hash = "sha256:5266a0fd000452f1b3467d782f079a4343c63aaa119221fbdc4e39577489ca5b"},
    {file = "pathlib2-2.3.7.post1.tar.gz", hash = "sha256:9fe0edad898b83c0c3e199c842b27ed216645d2e177757b2dd67384d4113c641"},
]
python-iptables = [
    {file = "python-iptables-1.0.0.tar.gz", hash = "sha256:480470adb5f29bf84269b4e53dbad9623af91c79aa666cc0274dec199a555bc5"},
]
python-pytun = [
    {file = "python-pytun-2.4.1.tar.gz", hash = "sha256:20b53ea7a09dfe173c00ec0a00eea508b05e959f5dc4b4bb698aa52252192f8f"},
    {file = "python_pytun-2.4.1-cp27-cp27m-manylinux1_x86_64.whl", hash = "sha256:a971384e2a700b46e2f07adb90d65d60d1c3965e9963964b5f15b0781a6524e1"},
    {file = "python_pytun-2.4.1-cp27-cp27mu-manylinux1_x86_64.whl", hash = "sha256:8c8a2f0c98958ecd038616945c40d00ba6b70ce7da9624ff04cf5ad36b80a85e"},
    {file = "python_pytun-2.4.1-cp35-cp35m-manylinux1_x86_64.whl", hash = "sha256:0b2516d347f5090ba58bd70003d9cb1d6c6071e81bd133f445132d644ed2c631"},
    {file = "python_pytun-2.4.1-cp35-cp35m-manylinux2014_x86_64.whl", hash = "sha256:28523749d0825211af163551a92233455bbd23e128f1d00dd25048b79d97fa34"},
    {file = "python_pytun-2.4.1-cp36-cp36m-manylinux1_x86_64.whl", hash = "sha256:831576ba1ba9d4b02c2af1825aec031d3e79a0d6e27a691a8348cbe6c9cb17b5"},
    {file = "python_pytun-2.4.1-cp36-cp36m-manylinux2014_x86_64.whl", hash = "sha256:f087c6301d17363356c2d23073e47d3e5abd9a49df9550fefd4759fc62fac0bd"},
    {file = "python_pytun-2.4.1-cp37-cp37m-manylinux1_x86_64.whl", hash = "sha256:47fbf0eacc1a3f77ceeb632596c8d9cc39a7f6235a710aa7b970577b09d0194d"},
    {file = "python_pytun-2.4.1-cp37-cp37m-manylinux2014_x86_64.whl", hash = "sha256:e13ae10c2e4d7ca9d9993b1d448c70e1fdbea000b016a9ac9064fdcc498fbd9a"},
    {file = "python_pytun-2.4.1-cp38-cp38-manylinux1_x86_64.whl", hash = "sha256:290ccface53aac4978b3d6318b63cef40218f9cb2d3d8d31e23360e378a60d89"},
    {file = "python_pytun-2.4.1-cp38-cp38-manylinux2014_x86_64.whl", hash = "sha256:7fe69665812eca121ad67d7cad0fc0188e0a8e9ada13b2160fd72599eb9d6785"},
    {file = "python_pytun-2.4.1-cp39-cp39-manylinux1_x86_64.whl", hash = "sha256:1bba06f87cf49dd226907c5fcdfab86edd427027cd863b47b69c9ba863b81428"},
    {file = "python_pytun-2.4.1-cp39-cp39-manylinux2014_x86_64.whl", hash = "sha256:cf71a416ef2d5836b409fc9f6a35072343d0e46372bb001a55ce21df6479e148"},
]
six = [
    {file = "six-1.16.0-py2.py3-none-any.whl", hash = "sha256:8abb2f1d86890a2dfb989f9a77cfcfd3e47c2a354b01111771326f8aa26e0254"},
    {file = "six-1.16.0.tar.gz", hash = "sha256:1e61c37477a1626458e36f7b1d82aa5c9b094fa4802892072e49de9c60c4c926"},
]
toml = [
    {file = "toml-0.10.2-py2.py3-none-any.whl", hash = "sha256:806143ae5bfb6a3c6e736a764057db0e6a0e05e338b5630894a5f779cabb4f9b"},
    {file = "toml-0.10.2.tar.gz", hash = "sha256:b3bda1d108d5dd99f4a20d24d9c348e91c4db7ab1b749200bded2f839ccbe68f"},
]
uvloop = [
    {file = "uvloop-0.16.0-cp310-cp310-macosx_10_9_universal2.whl", hash = "sha256:6224f1401025b748ffecb7a6e2652b17768f30b1a6a3f7b44660e5b5b690b12d"},
    {file = "uvloop-0.16.0-cp310-cp310-macosx_10_9_x86_64.whl", hash = "sha256:30ba9dcbd0965f5c812b7c2112a1ddf60cf904c1c160f398e7eed3a6b82dcd9c"},
    {file = "uvloop-0.16.0-cp310-cp310-manylinux_2_12_x86_64.manylinux2010_x86_64.whl", hash = "sha256:bd53f7f5db562f37cd64a3af5012df8cac2c464c97e732ed556800129505bd64"},
    {file = "uvloop-0.16.0-cp310-cp310-manylinux_2_17_aarch64.manylinux2014_aarch64.whl", hash = "sha256:772206116b9b57cd625c8a88f2413df2fcfd0b496eb188b82a43bed7af2c2ec9"},
    {file = "uvloop-0.16.0-cp37-cp37m-macosx_10_9_x86_64.whl", hash = "sha256:b572256409f194521a9895aef274cea88731d14732343da3ecdb175228881638"},
    {file = "uvloop-0.16.0-cp37-cp37m-manylinux_2_12_x86_64.manylinux2010_x86_64.whl", hash = "sha256:04ff57aa137230d8cc968f03481176041ae789308b4d5079118331ab01112450"},
    {file = "uvloop-0.16.0-cp37-cp37m-manylinux_2_17_aarch64.manylinux2014_aarch64.whl", hash = "sha256:3a19828c4f15687675ea912cc28bbcb48e9bb907c801873bd1519b96b04fb805"},
    {file = "uvloop-0.16.0-cp38-cp38-macosx_10_9_universal2.whl", hash = "sha256:e814ac2c6f9daf4c36eb8e85266859f42174a4ff0d71b99405ed559257750382"},
    {file = "uvloop-0.16.0-cp38-cp38-macosx_10_9_x86_64.whl", hash = "sha256:bd8f42ea1ea8f4e84d265769089964ddda95eb2bb38b5cbe26712b0616c3edee"},
    {file = "uvloop-0.16.0-cp38-cp38-manylinux_2_12_x86_64.manylinux2010_x86_64.whl", hash = "sha256:647e481940379eebd314c00440314c81ea547aa636056f554d491e40503c8464"},
    {file = "uvloop-0.16.0-cp38-cp38-manylinux_2_17_aarch64.manylinux2014_aarch64.whl", hash = "sha256:8e0d26fa5875d43ddbb0d9d79a447d2ace4180d9e3239788208527c4784f7cab"},
    {file = "uvloop-0.16.0-cp39-cp39-macosx_10_9_universal2.whl", hash = "sha256:6ccd57ae8db17d677e9e06192e9c9ec4bd2066b77790f9aa7dede2cc4008ee8f"},
    {file = "uvloop-0.16.0-cp39-cp39-macosx_10_9_x86_64.whl", hash = "sha256:089b4834fd299d82d83a25e3335372f12117a7d38525217c2258e9b9f4578897"},
    {file = "uvloop-0.16.0-cp39-cp39-manylinux_2_12_x86_64.manylinux2010_x86_64.whl", hash = "sha256:98d117332cc9e5ea8dfdc2b28b0a23f60370d02e1395f88f40d1effd2cb86c4f"},
    {file = "uvloop-0.16.0-cp39-cp39-manylinux_2_17_aarch64.manylinux2014_aarch64.whl", hash = "sha256:1e5f2e2ff51aefe6c19ee98af12b4ae61f5be456cd24396953244a30880ad861"},
    {file = "uvloop-0.16.0.tar.gz", hash = "sha256:f74bc20c7b67d1c27c72601c78cf95be99d5c2cdd4514502b4f3eb0933ff1228"},
]
websockets = [
    {file = "websockets-10.3-cp310-cp310-macosx_10_9_universal2.whl", hash = "sha256:661f641b44ed315556a2fa630239adfd77bd1b11cb0b9d96ed8ad90b0b1e4978"},
    {file = "websockets-10.3-cp310-cp310-macosx_10_9_x86_64.whl", hash = "sha256:b529fdfa881b69fe563dbd98acce84f3e5a67df13de415e143ef053ff006d500"},
    {file = "websockets-10.3-cp310-cp310-macosx_11_0_arm64.whl", hash = "sha256:f351c7d7d92f67c0609329ab2735eee0426a03022771b00102816a72715bb00b"},
    {file = "websockets-10.3-cp310-cp310-manylinux_2_17_aarch64.manylinux2014_aarch64.whl", hash = "sha256:379e03422178436af4f3abe0aa8f401aa77ae2487843738542a75faf44a31f0c"},
    {file = "websockets-10.3-cp310-cp310-manylinux_2_5_i686.manylinux1_i686.manylinux_2_12_i686.manylinux2010_i686.whl", hash = "sha256:e904c0381c014b914136c492c8fa711ca4cced4e9b3d110e5e7d436d0fc289e8"},
    {file = "websockets-10.3-cp310-cp310-manylinux_2_5_x86_64.manylinux1_x86_64.manylinux_2_12_x86_64.manylinux2010_x86_64.whl", hash = "sha256:e7e6f2d6fd48422071cc8a6f8542016f350b79cc782752de531577d35e9bd677"},
    {file = "websockets-10.3-cp310-cp310-musllinux_1_1_aarch64.whl", hash = "sha256:b9c77f0d1436ea4b4dc089ed8335fa141e6a251a92f75f675056dac4ab47a71e"},
    {file = "websockets-10.3-cp310-cp310-musllinux_1_1_i686.whl", hash = "sha256:e6fa05a680e35d0fcc1470cb070b10e6fe247af54768f488ed93542e71339d6f"},
    {file = "websockets-10.3-cp310-cp310-musllinux_1_1_x86_64.whl", hash = "sha256:2f94fa3ae454a63ea3a19f73b95deeebc9f02ba2d5617ca16f0bbdae375cda47"},
    {file = "websockets-10.3-cp310-cp310-win32.whl", hash = "sha256:6ed1d6f791eabfd9808afea1e068f5e59418e55721db8b7f3bfc39dc831c42ae"},
    {file = "websockets-10.3-cp310-cp310-win_amd64.whl", hash = "sha256:347974105bbd4ea068106ec65e8e8ebd86f28c19e529d115d89bd8cc5cda3079"},
    {file = "websockets-10.3-cp37-cp37m-macosx_10_9_x86_64.whl", hash = "sha256:fab7c640815812ed5f10fbee7abbf58788d602046b7bb3af9b1ac753a6d5e916"},
    {file = "websockets-10.3-cp37-cp37m-manylinux_2_17_aarch64.manylinux2014_aarch64.whl", hash = "sha256:994cdb1942a7a4c2e10098d9162948c9e7b235df755de91ca33f6e0481366fdb"},
    {file = "websockets-10.3-cp37-cp37m-manylinux_2_5_i686.manylinux1_i686.manylinux_2_12_i686.manylinux2010_i686.whl", hash = "sha256:aad5e300ab32036eb3fdc350ad30877210e2f51bceaca83fb7fef4d2b6c72b79"},
    {file = "websockets-10.3-cp37-cp37m-manylinux_2_5_x86_64.manylinux1_x86_64.manylinux_2_12_x86_64.manylinux2010_x86_64.whl", hash = "sha256:e49ea4c1a9543d2bd8a747ff24411509c29e4bdcde05b5b0895e2120cb1a761d"},
    {file = "websockets-10.3-cp37-cp37m-musllinux_1_1_aarch64.whl", hash = "sha256:6ea6b300a6bdd782e49922d690e11c3669828fe36fc2471408c58b93b5535a98"},
    {file = "websockets-10.3-cp37-cp37m-musllinux_1_1_i686.whl", hash = "sha256:ef5ce841e102278c1c2e98f043db99d6755b1c58bde475516aef3a008ed7f28e"},
    {file = "websockets-10.3-cp37-cp37m-musllinux_1_1_x86_64.whl", hash = "sha256:d1655a6fc7aecd333b079d00fb3c8132d18988e47f19740c69303bf02e9883c6"},
    {file = "websockets-10.3-cp37-cp37m-win32.whl", hash = "sha256:83e5ca0d5b743cde3d29fda74ccab37bdd0911f25bd4cdf09ff8b51b7b4f2fa1"},
    {file = "websockets-10.3-cp37-cp37m-win_amd64.whl", hash = "sha256:da4377904a3379f0c1b75a965fff23b28315bcd516d27f99a803720dfebd94d4"},
    {file = "websockets-10.3-cp38-cp38-macosx_10_9_universal2.whl", hash = "sha256:a1e15b230c3613e8ea82c9fc6941b2093e8eb939dd794c02754d33980ba81e36"},
    {file = "websockets-10.3-cp38-cp38-macosx_10_9_x86_64.whl", hash = "sha256:31564a67c3e4005f27815634343df688b25705cccb22bc1db621c781ddc64c69"},
    {file = "websockets-10.3-cp38-cp38-macosx_11_0_arm64.whl", hash = "sha256:c8d1d14aa0f600b5be363077b621b1b4d1eb3fbf90af83f9281cda668e6ff7fd"},
    {file = "websockets-10.3-cp38-cp38-manylinux_2_17_aarch64.manylinux2014_aarch64.whl", hash = "sha256:8fbd7d77f8aba46d43245e86dd91a8970eac4fb74c473f8e30e9c07581f852b2"},
    {file = "websockets-10.3-cp38-cp38-manylinux_2_5_i686.manylinux1_i686.manylinux_2_12_i686.manylinux2010_i686.whl", hash = "sha256:210aad7fdd381c52e58777560860c7e6110b6174488ef1d4b681c08b68bf7f8c"},
    {file = "websockets-10.3-cp38-cp38-manylinux_2_5_x86_64.manylinux1_x86_64.manylinux_2_12_x86_64.manylinux2010_x86_64.whl", hash = "sha256:6075fd24df23133c1b078e08a9b04a3bc40b31a8def4ee0b9f2c8865acce913e"},
    {file = "websockets-10.3-cp38-cp38-musllinux_1_1_aarch64.whl", hash = "sha256:7f6d96fdb0975044fdd7953b35d003b03f9e2bcf85f2d2cf86285ece53e9f991"},
    {file = "websockets-10.3-cp38-cp38-musllinux_1_1_i686.whl", hash = "sha256:c7250848ce69559756ad0086a37b82c986cd33c2d344ab87fea596c5ac6d9442"},
    {file = "websockets-10.3-cp38-cp38-musllinux_1_1_x86_64.whl", hash = "sha256:28dd20b938a57c3124028680dc1600c197294da5db4292c76a0b48efb3ed7f76"},
    {file = "websockets-10.3-cp38-cp38-win32.whl", hash = "sha256:54c000abeaff6d8771a4e2cef40900919908ea7b6b6a30eae72752607c6db559"},
    {file = "websockets-10.3-cp38-cp38-win_amd64.whl", hash = "sha256:7ab36e17af592eec5747c68ef2722a74c1a4a70f3772bc661079baf4ae30e40d"},
    {file = "websockets-10.3-cp39-cp39-macosx_10_9_universal2.whl", hash = "sha256:a141de3d5a92188234afa61653ed0bbd2dde46ad47b15c3042ffb89548e77094"},
    {file = "websockets-10.3-cp39-cp39-macosx_10_9_x86_64.whl", hash = "sha256:97bc9d41e69a7521a358f9b8e44871f6cdeb42af31815c17aed36372d4eec667"},
    {file = "websockets-10.3-cp39-cp39-macosx_11_0_arm64.whl", hash = "sha256:d6353ba89cfc657a3f5beabb3b69be226adbb5c6c7a66398e17809b0ce3c4731"},
    {file = "websockets-10.3-cp39-cp39-manylinux_2_17_aarch64.manylinux2014_aarch64.whl", hash = "sha256:ec2b0ab7edc8cd4b0eb428b38ed89079bdc20c6bdb5f889d353011038caac2f9"},
    {file = "websockets-10.3-cp39-cp39-manylinux_2_5_i686.manylinux1_i686.manylinux_2_12_i686.manylinux2010_i686.whl", hash = "sha256:85506b3328a9e083cc0a0fb3ba27e33c8db78341b3eb12eb72e8afd166c36680"},
    {file = "websockets-10.3-cp39-cp39-manylinux_2_5_x86_64.manylinux1_x86_64.manylinux_2_12_x86_64.manylinux2010_x86_64.whl", hash = "sha256:8af75085b4bc0b5c40c4a3c0e113fa95e84c60f4ed6786cbb675aeb1ee128247"},
    {file = "websockets-10.3-cp39-cp39-musllinux_1_1_aarch64.whl", hash = "sha256:07cdc0a5b2549bcfbadb585ad8471ebdc7bdf91e32e34ae3889001c1c106a6af"},
    {file = "websockets-10.3-cp39-cp39-musllinux_1_1_i686.whl", hash = "sha256:5b936bf552e4f6357f5727579072ff1e1324717902127ffe60c92d29b67b7be3"},
    {file = "websockets-10.3-cp39-cp39-musllinux_1_1_x86_64.whl", hash = "sha256:e4e08305bfd76ba8edab08dcc6496f40674f44eb9d5e23153efa0a35750337e8"},
    {file = "websockets-10.3-cp39-cp39-win32.whl", hash = "sha256:bb621ec2dbbbe8df78a27dbd9dd7919f9b7d32a73fafcb4d9252fc4637343582"},
    {file = "websockets-10.3-cp39-cp39-win_amd64.whl", hash = "sha256:51695d3b199cd03098ae5b42833006a0f43dc5418d3102972addc593a783bc02"},
    {file = "websockets-10.3-pp37-pypy37_pp73-macosx_10_9_x86_64.whl", hash = "sha256:907e8247480f287aa9bbc9391bd6de23c906d48af54c8c421df84655eef66af7"},
    {file = "websockets-10.3-pp37-pypy37_pp73-manylinux_2_17_aarch64.manylinux2014_aarch64.whl", hash = "sha256:8b1359aba0ff810d5830d5ab8e2c4a02bebf98a60aa0124fb29aa78cfdb8031f"},
    {file = "websockets-10.3-pp37-pypy37_pp73-manylinux_2_5_i686.manylinux1_i686.manylinux_2_12_i686.manylinux2010_i686.whl", hash = "sha256:93d5ea0b5da8d66d868b32c614d2b52d14304444e39e13a59566d4acb8d6e2e4"},
    {file = "websockets-10.3-pp37-pypy37_pp73-manylinux_2_5_x86_64.manylinux1_x86_64.manylinux_2_12_x86_64.manylinux2010_x86_64.whl", hash = "sha256:7934e055fd5cd9dee60f11d16c8d79c4567315824bacb1246d0208a47eca9755"},
    {file = "websockets-10.3-pp37-pypy37_pp73-win_amd64.whl", hash = "sha256:3eda1cb7e9da1b22588cefff09f0951771d6ee9fa8dbe66f5ae04cc5f26b2b55"},
    {file = "websockets-10.3.tar.gz", hash = "sha256:fc06cc8073c8e87072138ba1e431300e2d408f054b27047d047b549455066ff4"},
]
yapf = [
    {file = "yapf-0.32.0-py2.py3-none-any.whl", hash = "sha256:8fea849025584e486fd06d6ba2bed717f396080fd3cc236ba10cb97c4c51cf32"},
    {file = "yapf-0.32.0.tar.gz", hash = "sha256:a3f5085d37ef7e3e004c4ba9f9b3e40c54ff1901cd111f05145ae313a7c67d1b"},
]
